
Microsoft Visual Studio Solution File, Format Version 12.00
# Visual Studio Version 16
VisualStudioVersion = 16.0.31410.357
MinimumVisualStudioVersion = 10.0.40219.1
Project("{FAE04EC0-301F-11D3-BF4B-00C04F79EFBC}") = "Purchase_Order", "Purchase_Order\Purchase_Order.csproj", "{9720AFF3-5CC8-4C54-8878-48AD100234D3}"
EndProject
Global
	GlobalSection(SolutionConfigurationPlatforms) = preSolution
		Debug|Any CPU = Debug|Any CPU
		Release|Any CPU = Release|Any CPU
	EndGlobalSection
	GlobalSection(ProjectConfigurationPlatforms) = postSolution
		{9720AFF3-5CC8-4C54-8878-48AD100234D3}.Debug|Any CPU.ActiveCfg = Debug|Any CPU
		{9720AFF3-5CC8-4C54-8878-48AD100234D3}.Debug|Any CPU.Build.0 = Debug|Any CPU
		{9720AFF3-5CC8-4C54-8878-48AD100234D3}.Release|Any CPU.ActiveCfg = Release|Any CPU
		{9720AFF3-5CC8-4C54-8878-48AD100234D3}.Release|Any CPU.Build.0 = Release|Any CPU
	EndGlobalSection
	GlobalSection(SolutionProperties) = preSolution
		HideSolutionNode = FALSE
	EndGlobalSection
	GlobalSection(ExtensibilityGlobals) = postSolution
		SolutionGuid = {99C2FD2C-487C-474C-ABD4-B20693FD1838}
	EndGlobalSection
EndGlobal
